
Microsoft Visual Studio Solution File, Format Version 12.00
# Visual Studio 2013
VisualStudioVersion = 12.0.21005.1
MinimumVisualStudioVersion = 10.0.40219.1
Project("{8BC9CEB8-8B4A-11D0-8D11-00A0C91BC942}") = "Command", "Command\Command.vcxproj", "{55C9C972-74AB-43AE-AD5A-0FB3E977220C}"
EndProject
Project("{8BC9CEB8-8B4A-11D0-8D11-00A0C91BC942}") = "Chain of Responsibility", "Chain of Responsibility\Chain of Responsibility.vcxproj", "{3F193559-7383-4408-BE98-C54AFB924470}"
EndProject
Project("{8BC9CEB8-8B4A-11D0-8D11-00A0C91BC942}") = "Iterator", "Iterator\Iterator.vcxproj", "{258C52DD-802B-4112-A355-D30347B8FA9F}"
EndProject
Project("{8BC9CEB8-8B4A-11D0-8D11-00A0C91BC942}") = "Observer", "Observer\Observer.vcxproj", "{337C4D3A-CBF1-4EBB-BCDD-02942FDAF83A}"
EndProject
Project("{8BC9CEB8-8B4A-11D0-8D11-00A0C91BC942}") = "Strategy", "Strategy\Strategy.vcxproj", "{5D264E24-3C64-45B5-8094-B9A30756E887}"
EndProject
Project("{8BC9CEB8-8B4A-11D0-8D11-00A0C91BC942}") = "Facade", "Facade\Facade.vcxproj", "{601881D3-496C-4E41-9066-C3252643330C}"
EndProject
Global
	GlobalSection(SolutionConfigurationPlatforms) = preSolution
		Debug|Win32 = Debug|Win32
		Release|Win32 = Release|Win32
	EndGlobalSection
	GlobalSection(ProjectConfigurationPlatforms) = postSolution
		{55C9C972-74AB-43AE-AD5A-0FB3E977220C}.Debug|Win32.ActiveCfg = Debug|Win32
		{55C9C972-74AB-43AE-AD5A-0FB3E977220C}.Debug|Win32.Build.0 = Debug|Win32
		{55C9C972-74AB-43AE-AD5A-0FB3E977220C}.Release|Win32.ActiveCfg = Release|Win32
		{55C9C972-74AB-43AE-AD5A-0FB3E977220C}.Release|Win32.Build.0 = Release|Win32
		{3F193559-7383-4408-BE98-C54AFB924470}.Debug|Win32.ActiveCfg = Debug|Win32
		{3F193559-7383-4408-BE98-C54AFB924470}.Debug|Win32.Build.0 = Debug|Win32
		{3F193559-7383-4408-BE98-C54AFB924470}.Release|Win32.ActiveCfg = Release|Win32
		{3F193559-7383-4408-BE98-C54AFB924470}.Release|Win32.Build.0 = Release|Win32
		{258C52DD-802B-4112-A355-D30347B8FA9F}.Debug|Win32.ActiveCfg = Debug|Win32
		{258C52DD-802B-4112-A355-D30347B8FA9F}.Debug|Win32.Build.0 = Debug|Win32
		{258C52DD-802B-4112-A355-D30347B8FA9F}.Release|Win32.ActiveCfg = Release|Win32
		{258C52DD-802B-4112-A355-D30347B8FA9F}.Release|Win32.Build.0 = Release|Win32
		{337C4D3A-CBF1-4EBB-BCDD-02942FDAF83A}.Debug|Win32.ActiveCfg = Debug|Win32
		{337C4D3A-CBF1-4EBB-BCDD-02942FDAF83A}.Debug|Win32.Build.0 = Debug|Win32
		{337C4D3A-CBF1-4EBB-BCDD-02942FDAF83A}.Release|Win32.ActiveCfg = Release|Win32
		{337C4D3A-CBF1-4EBB-BCDD-02942FDAF83A}.Release|Win32.Build.0 = Release|Win32
		{5D264E24-3C64-45B5-8094-B9A30756E887}.Debug|Win32.ActiveCfg = Debug|Win32
		{5D264E24-3C64-45B5-8094-B9A30756E887}.Debug|Win32.Build.0 = Debug|Win32
		{5D264E24-3C64-45B5-8094-B9A30756E887}.Release|Win32.ActiveCfg = Release|Win32
		{5D264E24-3C64-45B5-8094-B9A30756E887}.Release|Win32.Build.0 = Release|Win32
		{601881D3-496C-4E41-9066-C3252643330C}.Debug|Win32.ActiveCfg = Debug|Win32
		{601881D3-496C-4E41-9066-C3252643330C}.Debug|Win32.Build.0 = Debug|Win32
		{601881D3-496C-4E41-9066-C3252643330C}.Release|Win32.ActiveCfg = Release|Win32
		{601881D3-496C-4E41-9066-C3252643330C}.Release|Win32.Build.0 = Release|Win32
	EndGlobalSection
	GlobalSection(SolutionProperties) = preSolution
		HideSolutionNode = FALSE
	EndGlobalSection
EndGlobal
